{"is_source_file": false, "format": "", "description": "", "external_files": [], "external_methods": [], "published": [], "classes": [], "methods": [], "calls": [], "search-terms": [], "state": 2, "file_id": 15, "knowledge_revision": 31, "git_revision": "958aee74786c2fa3878fa0250a66cb503a7eae6e", "hash": "e9b4c3b42cef0193b7fddb548d37e652", "format-version": 4, "code-base-name": "default", "filename": "blog_frontend_workspace/blog_frontend/post_process_status.lock", "revision_history": [{"31": "958aee74786c2fa3878fa0250a66cb503a7eae6e"}]}